
Microsoft Visual Studio Solution File, Format Version 12.00
# Visual Studio Version 17
VisualStudioVersion = 17.9.34723.18
MinimumVisualStudioVersion = 10.0.40219.1
Project("{FAE04EC0-301F-11D3-BF4B-00C04F79EFBC}") = "Tree", "Tree\Tree.csproj", "{A6FB7CC3-F642-484A-A041-1070A1C1973E}"
EndProject
Global
	GlobalSection(SolutionConfigurationPlatforms) = preSolution
		Debug|Any CPU = Debug|Any CPU
		Release|Any CPU = Release|Any CPU
	EndGlobalSection
	GlobalSection(ProjectConfigurationPlatforms) = postSolution
		{A6FB7CC3-F642-484A-A041-1070A1C1973E}.Debug|Any CPU.ActiveCfg = Debug|Any CPU
		{A6FB7CC3-F642-484A-A041-1070A1C1973E}.Debug|Any CPU.Build.0 = Debug|Any CPU
		{A6FB7CC3-F642-484A-A041-1070A1C1973E}.Release|Any CPU.ActiveCfg = Release|Any CPU
		{A6FB7CC3-F642-484A-A041-1070A1C1973E}.Release|Any CPU.Build.0 = Release|Any CPU
	EndGlobalSection
	GlobalSection(SolutionProperties) = preSolution
		HideSolutionNode = FALSE
	EndGlobalSection
	GlobalSection(ExtensibilityGlobals) = postSolution
		SolutionGuid = {98031623-2DE2-4477-BC6A-FDF9C189FD8A}
	EndGlobalSection
EndGlobal
